
Microsoft Visual Studio Solution File, Format Version 12.00
# Visual Studio Version 16
VisualStudioVersion = 16.0.31729.503
MinimumVisualStudioVersion = 10.0.40219.1
Project("{FAE04EC0-301F-11D3-BF4B-00C04F79EFBC}") = "Ispit2019KZ1-11", "Ispit2019KZ1-11\Ispit2019KZ1-11.csproj", "{27BDC23C-6630-4FF7-A64D-95075B0924C8}"
EndProject
Global
	GlobalSection(SolutionConfigurationPlatforms) = preSolution
		Debug|Any CPU = Debug|Any CPU
		Release|Any CPU = Release|Any CPU
	EndGlobalSection
	GlobalSection(ProjectConfigurationPlatforms) = postSolution
		{27BDC23C-6630-4FF7-A64D-95075B0924C8}.Debug|Any CPU.ActiveCfg = Debug|Any CPU
		{27BDC23C-6630-4FF7-A64D-95075B0924C8}.Debug|Any CPU.Build.0 = Debug|Any CPU
		{27BDC23C-6630-4FF7-A64D-95075B0924C8}.Release|Any CPU.ActiveCfg = Release|Any CPU
		{27BDC23C-6630-4FF7-A64D-95075B0924C8}.Release|Any CPU.Build.0 = Release|Any CPU
	EndGlobalSection
	GlobalSection(SolutionProperties) = preSolution
		HideSolutionNode = FALSE
	EndGlobalSection
	GlobalSection(ExtensibilityGlobals) = postSolution
		SolutionGuid = {B2604DE6-1054-4BF0-9D22-C0B6286BC4D4}
	EndGlobalSection
EndGlobal
