
Microsoft Visual Studio Solution File, Format Version 12.00
# Visual Studio Version 16
VisualStudioVersion = 16.0.31729.503
MinimumVisualStudioVersion = 10.0.40219.1
Project("{FAE04EC0-301F-11D3-BF4B-00C04F79EFBC}") = "LV3Zad3", "LV3Zad3\LV3Zad3.csproj", "{0A1E22D5-C614-4E1B-BAB3-E81E7C6B24CB}"
EndProject
Global
	GlobalSection(SolutionConfigurationPlatforms) = preSolution
		Debug|Any CPU = Debug|Any CPU
		Release|Any CPU = Release|Any CPU
	EndGlobalSection
	GlobalSection(ProjectConfigurationPlatforms) = postSolution
		{0A1E22D5-C614-4E1B-BAB3-E81E7C6B24CB}.Debug|Any CPU.ActiveCfg = Debug|Any CPU
		{0A1E22D5-C614-4E1B-BAB3-E81E7C6B24CB}.Debug|Any CPU.Build.0 = Debug|Any CPU
		{0A1E22D5-C614-4E1B-BAB3-E81E7C6B24CB}.Release|Any CPU.ActiveCfg = Release|Any CPU
		{0A1E22D5-C614-4E1B-BAB3-E81E7C6B24CB}.Release|Any CPU.Build.0 = Release|Any CPU
	EndGlobalSection
	GlobalSection(SolutionProperties) = preSolution
		HideSolutionNode = FALSE
	EndGlobalSection
	GlobalSection(ExtensibilityGlobals) = postSolution
		SolutionGuid = {AB69646B-57EC-4E46-831A-C5A0E7B40B72}
	EndGlobalSection
EndGlobal
