
Microsoft Visual Studio Solution File, Format Version 12.00
# Visual Studio Version 16
VisualStudioVersion = 16.0.31729.503
MinimumVisualStudioVersion = 10.0.40219.1
Project("{FAE04EC0-301F-11D3-BF4B-00C04F79EFBC}") = "Ispit2021-4", "Ispit2021-4\Ispit2021-4.csproj", "{D6B29670-E3E1-454F-AE92-9B4A688C2E54}"
EndProject
Global
	GlobalSection(SolutionConfigurationPlatforms) = preSolution
		Debug|Any CPU = Debug|Any CPU
		Release|Any CPU = Release|Any CPU
	EndGlobalSection
	GlobalSection(ProjectConfigurationPlatforms) = postSolution
		{D6B29670-E3E1-454F-AE92-9B4A688C2E54}.Debug|Any CPU.ActiveCfg = Debug|Any CPU
		{D6B29670-E3E1-454F-AE92-9B4A688C2E54}.Debug|Any CPU.Build.0 = Debug|Any CPU
		{D6B29670-E3E1-454F-AE92-9B4A688C2E54}.Release|Any CPU.ActiveCfg = Release|Any CPU
		{D6B29670-E3E1-454F-AE92-9B4A688C2E54}.Release|Any CPU.Build.0 = Release|Any CPU
	EndGlobalSection
	GlobalSection(SolutionProperties) = preSolution
		HideSolutionNode = FALSE
	EndGlobalSection
	GlobalSection(ExtensibilityGlobals) = postSolution
		SolutionGuid = {020C0865-F0DA-496F-A680-32068DE3EE3A}
	EndGlobalSection
EndGlobal
