
Microsoft Visual Studio Solution File, Format Version 12.00
# Visual Studio Version 16
VisualStudioVersion = 16.0.31729.503
MinimumVisualStudioVersion = 10.0.40219.1
Project("{FAE04EC0-301F-11D3-BF4B-00C04F79EFBC}") = "Ispit2019KZ1-6", "Ispit2019KZ1-6\Ispit2019KZ1-6.csproj", "{67DE2B07-8003-4E72-8428-7E220B89F6C6}"
EndProject
Global
	GlobalSection(SolutionConfigurationPlatforms) = preSolution
		Debug|Any CPU = Debug|Any CPU
		Release|Any CPU = Release|Any CPU
	EndGlobalSection
	GlobalSection(ProjectConfigurationPlatforms) = postSolution
		{67DE2B07-8003-4E72-8428-7E220B89F6C6}.Debug|Any CPU.ActiveCfg = Debug|Any CPU
		{67DE2B07-8003-4E72-8428-7E220B89F6C6}.Debug|Any CPU.Build.0 = Debug|Any CPU
		{67DE2B07-8003-4E72-8428-7E220B89F6C6}.Release|Any CPU.ActiveCfg = Release|Any CPU
		{67DE2B07-8003-4E72-8428-7E220B89F6C6}.Release|Any CPU.Build.0 = Release|Any CPU
	EndGlobalSection
	GlobalSection(SolutionProperties) = preSolution
		HideSolutionNode = FALSE
	EndGlobalSection
	GlobalSection(ExtensibilityGlobals) = postSolution
		SolutionGuid = {76DCCA53-C3AD-49AF-B22F-98F9B5D99722}
	EndGlobalSection
EndGlobal
