
Microsoft Visual Studio Solution File, Format Version 12.00
# Visual Studio Version 16
VisualStudioVersion = 16.0.31729.503
MinimumVisualStudioVersion = 10.0.40219.1
Project("{FAE04EC0-301F-11D3-BF4B-00C04F79EFBC}") = "Ispit2019", "Ispit2019\Ispit2019.csproj", "{72B7D1D5-42C1-4BA7-9382-D60A2B75939D}"
EndProject
Global
	GlobalSection(SolutionConfigurationPlatforms) = preSolution
		Debug|Any CPU = Debug|Any CPU
		Release|Any CPU = Release|Any CPU
	EndGlobalSection
	GlobalSection(ProjectConfigurationPlatforms) = postSolution
		{72B7D1D5-42C1-4BA7-9382-D60A2B75939D}.Debug|Any CPU.ActiveCfg = Debug|Any CPU
		{72B7D1D5-42C1-4BA7-9382-D60A2B75939D}.Debug|Any CPU.Build.0 = Debug|Any CPU
		{72B7D1D5-42C1-4BA7-9382-D60A2B75939D}.Release|Any CPU.ActiveCfg = Release|Any CPU
		{72B7D1D5-42C1-4BA7-9382-D60A2B75939D}.Release|Any CPU.Build.0 = Release|Any CPU
	EndGlobalSection
	GlobalSection(SolutionProperties) = preSolution
		HideSolutionNode = FALSE
	EndGlobalSection
	GlobalSection(ExtensibilityGlobals) = postSolution
		SolutionGuid = {340A1212-8127-48BF-85AE-9A3371BE96CB}
	EndGlobalSection
EndGlobal
