
Microsoft Visual Studio Solution File, Format Version 12.00
# Visual Studio Version 16
VisualStudioVersion = 16.0.31729.503
MinimumVisualStudioVersion = 10.0.40219.1
Project("{FAE04EC0-301F-11D3-BF4B-00C04F79EFBC}") = "LV2Zad1", "LV2Zad1\LV2Zad1.csproj", "{1420480C-F6E4-4238-B0B8-0C531D30B8AA}"
EndProject
Global
	GlobalSection(SolutionConfigurationPlatforms) = preSolution
		Debug|Any CPU = Debug|Any CPU
		Release|Any CPU = Release|Any CPU
	EndGlobalSection
	GlobalSection(ProjectConfigurationPlatforms) = postSolution
		{1420480C-F6E4-4238-B0B8-0C531D30B8AA}.Debug|Any CPU.ActiveCfg = Debug|Any CPU
		{1420480C-F6E4-4238-B0B8-0C531D30B8AA}.Debug|Any CPU.Build.0 = Debug|Any CPU
		{1420480C-F6E4-4238-B0B8-0C531D30B8AA}.Release|Any CPU.ActiveCfg = Release|Any CPU
		{1420480C-F6E4-4238-B0B8-0C531D30B8AA}.Release|Any CPU.Build.0 = Release|Any CPU
	EndGlobalSection
	GlobalSection(SolutionProperties) = preSolution
		HideSolutionNode = FALSE
	EndGlobalSection
	GlobalSection(ExtensibilityGlobals) = postSolution
		SolutionGuid = {F31B6EDD-C5C9-4F6E-BED1-29D0ACB7EB80}
	EndGlobalSection
EndGlobal
