
Microsoft Visual Studio Solution File, Format Version 12.00
# Visual Studio Version 16
VisualStudioVersion = 16.0.31729.503
MinimumVisualStudioVersion = 10.0.40219.1
Project("{FAE04EC0-301F-11D3-BF4B-00C04F79EFBC}") = "LV5Rpon", "LV5Rpon\LV5Rpon.csproj", "{C4A6CCC0-FBB5-4931-A339-FA8A3CC2BA00}"
EndProject
Global
	GlobalSection(SolutionConfigurationPlatforms) = preSolution
		Debug|Any CPU = Debug|Any CPU
		Release|Any CPU = Release|Any CPU
	EndGlobalSection
	GlobalSection(ProjectConfigurationPlatforms) = postSolution
		{C4A6CCC0-FBB5-4931-A339-FA8A3CC2BA00}.Debug|Any CPU.ActiveCfg = Debug|Any CPU
		{C4A6CCC0-FBB5-4931-A339-FA8A3CC2BA00}.Debug|Any CPU.Build.0 = Debug|Any CPU
		{C4A6CCC0-FBB5-4931-A339-FA8A3CC2BA00}.Release|Any CPU.ActiveCfg = Release|Any CPU
		{C4A6CCC0-FBB5-4931-A339-FA8A3CC2BA00}.Release|Any CPU.Build.0 = Release|Any CPU
	EndGlobalSection
	GlobalSection(SolutionProperties) = preSolution
		HideSolutionNode = FALSE
	EndGlobalSection
	GlobalSection(ExtensibilityGlobals) = postSolution
		SolutionGuid = {EBC95835-7FF1-44AF-97CE-F47EA9442A14}
	EndGlobalSection
EndGlobal
