
Microsoft Visual Studio Solution File, Format Version 12.00
# Visual Studio Version 16
VisualStudioVersion = 16.0.31729.503
MinimumVisualStudioVersion = 10.0.40219.1
Project("{FAE04EC0-301F-11D3-BF4B-00C04F79EFBC}") = "Ispit2021-10", "Ispit2021-10\Ispit2021-10.csproj", "{09786680-EF22-40CF-853D-4B86DAA60B1C}"
EndProject
Global
	GlobalSection(SolutionConfigurationPlatforms) = preSolution
		Debug|Any CPU = Debug|Any CPU
		Release|Any CPU = Release|Any CPU
	EndGlobalSection
	GlobalSection(ProjectConfigurationPlatforms) = postSolution
		{09786680-EF22-40CF-853D-4B86DAA60B1C}.Debug|Any CPU.ActiveCfg = Debug|Any CPU
		{09786680-EF22-40CF-853D-4B86DAA60B1C}.Debug|Any CPU.Build.0 = Debug|Any CPU
		{09786680-EF22-40CF-853D-4B86DAA60B1C}.Release|Any CPU.ActiveCfg = Release|Any CPU
		{09786680-EF22-40CF-853D-4B86DAA60B1C}.Release|Any CPU.Build.0 = Release|Any CPU
	EndGlobalSection
	GlobalSection(SolutionProperties) = preSolution
		HideSolutionNode = FALSE
	EndGlobalSection
	GlobalSection(ExtensibilityGlobals) = postSolution
		SolutionGuid = {A4815EE1-D1A4-4EC9-8CA4-EA447FDA0E2D}
	EndGlobalSection
EndGlobal
