
Microsoft Visual Studio Solution File, Format Version 12.00
# Visual Studio Version 16
VisualStudioVersion = 16.0.31729.503
MinimumVisualStudioVersion = 10.0.40219.1
Project("{FAE04EC0-301F-11D3-BF4B-00C04F79EFBC}") = "LV3", "LV3\LV3.csproj", "{82ACECF3-AA8A-48D2-8CBB-A266B6C511BE}"
EndProject
Global
	GlobalSection(SolutionConfigurationPlatforms) = preSolution
		Debug|Any CPU = Debug|Any CPU
		Release|Any CPU = Release|Any CPU
	EndGlobalSection
	GlobalSection(ProjectConfigurationPlatforms) = postSolution
		{82ACECF3-AA8A-48D2-8CBB-A266B6C511BE}.Debug|Any CPU.ActiveCfg = Debug|Any CPU
		{82ACECF3-AA8A-48D2-8CBB-A266B6C511BE}.Debug|Any CPU.Build.0 = Debug|Any CPU
		{82ACECF3-AA8A-48D2-8CBB-A266B6C511BE}.Release|Any CPU.ActiveCfg = Release|Any CPU
		{82ACECF3-AA8A-48D2-8CBB-A266B6C511BE}.Release|Any CPU.Build.0 = Release|Any CPU
	EndGlobalSection
	GlobalSection(SolutionProperties) = preSolution
		HideSolutionNode = FALSE
	EndGlobalSection
	GlobalSection(ExtensibilityGlobals) = postSolution
		SolutionGuid = {4CEDA291-FD0E-4AC2-9E75-7CEF08DE2D71}
	EndGlobalSection
EndGlobal
