
Microsoft Visual Studio Solution File, Format Version 12.00
# Visual Studio Version 16
VisualStudioVersion = 16.0.31729.503
MinimumVisualStudioVersion = 10.0.40219.1
Project("{FAE04EC0-301F-11D3-BF4B-00C04F79EFBC}") = "LV4Zad3", "LV4Zad3\LV4Zad3.csproj", "{F2799F69-60A3-4E25-A0B4-21CD84B21FC3}"
EndProject
Global
	GlobalSection(SolutionConfigurationPlatforms) = preSolution
		Debug|Any CPU = Debug|Any CPU
		Release|Any CPU = Release|Any CPU
	EndGlobalSection
	GlobalSection(ProjectConfigurationPlatforms) = postSolution
		{F2799F69-60A3-4E25-A0B4-21CD84B21FC3}.Debug|Any CPU.ActiveCfg = Debug|Any CPU
		{F2799F69-60A3-4E25-A0B4-21CD84B21FC3}.Debug|Any CPU.Build.0 = Debug|Any CPU
		{F2799F69-60A3-4E25-A0B4-21CD84B21FC3}.Release|Any CPU.ActiveCfg = Release|Any CPU
		{F2799F69-60A3-4E25-A0B4-21CD84B21FC3}.Release|Any CPU.Build.0 = Release|Any CPU
	EndGlobalSection
	GlobalSection(SolutionProperties) = preSolution
		HideSolutionNode = FALSE
	EndGlobalSection
	GlobalSection(ExtensibilityGlobals) = postSolution
		SolutionGuid = {403E7310-C205-41E1-933C-14EE0B9BE865}
	EndGlobalSection
EndGlobal
