
Microsoft Visual Studio Solution File, Format Version 12.00
# Visual Studio Version 16
VisualStudioVersion = 16.0.31729.503
MinimumVisualStudioVersion = 10.0.40219.1
Project("{FAE04EC0-301F-11D3-BF4B-00C04F79EFBC}") = "LV3RPPOON", "LV3RPPOON\LV3RPPOON.csproj", "{62DEABE2-A2D3-4EC9-B87B-6C94838B1BEF}"
EndProject
Global
	GlobalSection(SolutionConfigurationPlatforms) = preSolution
		Debug|Any CPU = Debug|Any CPU
		Release|Any CPU = Release|Any CPU
	EndGlobalSection
	GlobalSection(ProjectConfigurationPlatforms) = postSolution
		{62DEABE2-A2D3-4EC9-B87B-6C94838B1BEF}.Debug|Any CPU.ActiveCfg = Debug|Any CPU
		{62DEABE2-A2D3-4EC9-B87B-6C94838B1BEF}.Debug|Any CPU.Build.0 = Debug|Any CPU
		{62DEABE2-A2D3-4EC9-B87B-6C94838B1BEF}.Release|Any CPU.ActiveCfg = Release|Any CPU
		{62DEABE2-A2D3-4EC9-B87B-6C94838B1BEF}.Release|Any CPU.Build.0 = Release|Any CPU
	EndGlobalSection
	GlobalSection(SolutionProperties) = preSolution
		HideSolutionNode = FALSE
	EndGlobalSection
	GlobalSection(ExtensibilityGlobals) = postSolution
		SolutionGuid = {18FBEDB8-1497-4636-8246-E6CB6226430E}
	EndGlobalSection
EndGlobal
